
Microsoft Visual Studio Solution File, Format Version 12.00
# Visual Studio Version 17
VisualStudioVersion = 17.8.34525.116
MinimumVisualStudioVersion = 10.0.40219.1
Project("{FAE04EC0-301F-11D3-BF4B-00C04F79EFBC}") = "BetterSnakeGame", "BetterSnakeGame.csproj", "{F413899A-3B88-49DF-A436-C1918C18C98B}"
EndProject
Global
	GlobalSection(SolutionConfigurationPlatforms) = preSolution
		Debug|Any CPU = Debug|Any CPU
		Release|Any CPU = Release|Any CPU
	EndGlobalSection
	GlobalSection(ProjectConfigurationPlatforms) = postSolution
		{F413899A-3B88-49DF-A436-C1918C18C98B}.Debug|Any CPU.ActiveCfg = Debug|Any CPU
		{F413899A-3B88-49DF-A436-C1918C18C98B}.Debug|Any CPU.Build.0 = Debug|Any CPU
		{F413899A-3B88-49DF-A436-C1918C18C98B}.Release|Any CPU.ActiveCfg = Release|Any CPU
		{F413899A-3B88-49DF-A436-C1918C18C98B}.Release|Any CPU.Build.0 = Release|Any CPU
	EndGlobalSection
	GlobalSection(SolutionProperties) = preSolution
		HideSolutionNode = FALSE
	EndGlobalSection
	GlobalSection(ExtensibilityGlobals) = postSolution
		SolutionGuid = {3915B6EA-E3D9-49DE-9CF9-FFA753C71AA0}
	EndGlobalSection
EndGlobal
